
Microsoft Visual Studio Solution File, Format Version 12.00
# Visual Studio 15
VisualStudioVersion = 15.0.27004.2009
MinimumVisualStudioVersion = 10.0.40219.1
Project("{F2A71F9B-5D33-465A-A702-920D77279786}") = "AdventOfCode2017", "AdventOfCode2017\AdventOfCode2017.fsproj", "{AAFAA05B-68BE-4982-9B6B-E7492837C770}"
EndProject
Global
	GlobalSection(SolutionConfigurationPlatforms) = preSolution
		Debug|Any CPU = Debug|Any CPU
		Release|Any CPU = Release|Any CPU
	EndGlobalSection
	GlobalSection(ProjectConfigurationPlatforms) = postSolution
		{AAFAA05B-68BE-4982-9B6B-E7492837C770}.Debug|Any CPU.ActiveCfg = Debug|Any CPU
		{AAFAA05B-68BE-4982-9B6B-E7492837C770}.Debug|Any CPU.Build.0 = Debug|Any CPU
		{AAFAA05B-68BE-4982-9B6B-E7492837C770}.Release|Any CPU.ActiveCfg = Release|Any CPU
		{AAFAA05B-68BE-4982-9B6B-E7492837C770}.Release|Any CPU.Build.0 = Release|Any CPU
	EndGlobalSection
	GlobalSection(SolutionProperties) = preSolution
		HideSolutionNode = FALSE
	EndGlobalSection
	GlobalSection(ExtensibilityGlobals) = postSolution
		SolutionGuid = {3A14AC96-CC18-4B76-893B-5DCCA8DA9732}
	EndGlobalSection
EndGlobal
